
Microsoft Visual Studio Solution File, Format Version 12.00
# Visual Studio 15
VisualStudioVersion = 15.0.27428.2005
MinimumVisualStudioVersion = 10.0.40219.1
Project("{888888A0-9F3D-457C-B088-3A5042F75D52}") = "tf-dqn-reversi", "tf-dqn-reversi.pyproj", "{06A91B53-257C-42F7-939D-39CE23A9F829}"
EndProject
Global
	GlobalSection(SolutionConfigurationPlatforms) = preSolution
		Debug|Any CPU = Debug|Any CPU
		Release|Any CPU = Release|Any CPU
	EndGlobalSection
	GlobalSection(ProjectConfigurationPlatforms) = postSolution
		{06A91B53-257C-42F7-939D-39CE23A9F829}.Debug|Any CPU.ActiveCfg = Debug|Any CPU
		{06A91B53-257C-42F7-939D-39CE23A9F829}.Release|Any CPU.ActiveCfg = Release|Any CPU
	EndGlobalSection
	GlobalSection(SolutionProperties) = preSolution
		HideSolutionNode = FALSE
	EndGlobalSection
	GlobalSection(ExtensibilityGlobals) = postSolution
		SolutionGuid = {4BC3EE93-3BF3-44FF-B919-09D62684638B}
	EndGlobalSection
EndGlobal
